
Microsoft Visual Studio Solution File, Format Version 12.00
# Visual Studio Version 17
VisualStudioVersion = 17.9.34728.123
MinimumVisualStudioVersion = 10.0.40219.1
Project("{FAE04EC0-301F-11D3-BF4B-00C04F79EFBC}") = "GrpcGreeterClient", "GrpcGreeterClient.csproj", "{8A4A7878-1D6C-446D-A1A8-C3EA3E5B9679}"
EndProject
Global
	GlobalSection(SolutionConfigurationPlatforms) = preSolution
		Debug|Any CPU = Debug|Any CPU
		Release|Any CPU = Release|Any CPU
	EndGlobalSection
	GlobalSection(ProjectConfigurationPlatforms) = postSolution
		{8A4A7878-1D6C-446D-A1A8-C3EA3E5B9679}.Debug|Any CPU.ActiveCfg = Debug|Any CPU
		{8A4A7878-1D6C-446D-A1A8-C3EA3E5B9679}.Debug|Any CPU.Build.0 = Debug|Any CPU
		{8A4A7878-1D6C-446D-A1A8-C3EA3E5B9679}.Release|Any CPU.ActiveCfg = Release|Any CPU
		{8A4A7878-1D6C-446D-A1A8-C3EA3E5B9679}.Release|Any CPU.Build.0 = Release|Any CPU
	EndGlobalSection
	GlobalSection(SolutionProperties) = preSolution
		HideSolutionNode = FALSE
	EndGlobalSection
	GlobalSection(ExtensibilityGlobals) = postSolution
		SolutionGuid = {D3CA88F6-0903-42CB-B82C-777F8ADD02FE}
	EndGlobalSection
EndGlobal
